
Microsoft Visual Studio Solution File, Format Version 12.00
# Visual Studio Version 17
VisualStudioVersion = 17.5.33424.131
MinimumVisualStudioVersion = 10.0.40219.1
Project("{2150E333-8FDC-42A3-9474-1A3956D46DE8}") = "Platforms", "Platforms", "{309A3D4C-ACA3-44AE-A3C0-CE82326B2DD2}"
EndProject
Project("{FAE04EC0-301F-11D3-BF4B-00C04F79EFBC}") = "AppTest", "AppTest\AppTest.csproj", "{ABADC8A0-C36B-437E-9F4D-B3CFD6BF71D0}"
EndProject
Project("{FAE04EC0-301F-11D3-BF4B-00C04F79EFBC}") = "AppTest.Wasm", "AppTest.Wasm\AppTest.Wasm.csproj", "{3D86CB84-0B3E-40B6-ABB2-A5206A568290}"
EndProject
Project("{FAE04EC0-301F-11D3-BF4B-00C04F79EFBC}") = "AppTest.Server", "AppTest.Server\AppTest.Server.csproj", "{0DF502DD-E146-4BC1-9E5A-A23E8C10ED1F}"
EndProject
Project("{FAE04EC0-301F-11D3-BF4B-00C04F79EFBC}") = "AppTest.Mobile", "AppTest.Mobile\AppTest.Mobile.csproj", "{5CB62032-A236-4C9E-83FA-95F1751748A4}"
EndProject
Project("{FAE04EC0-301F-11D3-BF4B-00C04F79EFBC}") = "AppTest.Skia.Gtk", "AppTest.Skia.Gtk\AppTest.Skia.Gtk.csproj", "{50D0D819-E9DC-4E8E-B0B9-80C03DC5D388}"
EndProject
Project("{FAE04EC0-301F-11D3-BF4B-00C04F79EFBC}") = "AppTest.Skia.Linux.FrameBuffer", "AppTest.Skia.Linux.FrameBuffer\AppTest.Skia.Linux.FrameBuffer.csproj", "{30E06EF1-B51F-45FB-B6BF-1563750C905B}"
EndProject
Project("{FAE04EC0-301F-11D3-BF4B-00C04F79EFBC}") = "AppTest.Windows", "AppTest.Windows\AppTest.Windows.csproj", "{9AE5BF81-24DC-4218-8F99-82EF1D90CF93}"
EndProject
Project("{FAE04EC0-301F-11D3-BF4B-00C04F79EFBC}") = "AppTest.Skia.Wpf", "AppTest.Skia.Wpf\AppTest.Skia.Wpf.csproj", "{F08B6F8C-6ACC-488F-B2C5-9451DDAAF796}"
EndProject
Global
	GlobalSection(SolutionConfigurationPlatforms) = preSolution
		Debug|Any CPU = Debug|Any CPU
		Debug|arm64 = Debug|arm64
		Debug|x64 = Debug|x64
		Debug|x86 = Debug|x86
		Release|Any CPU = Release|Any CPU
		Release|arm64 = Release|arm64
		Release|x64 = Release|x64
		Release|x86 = Release|x86
	EndGlobalSection
	GlobalSection(ProjectConfigurationPlatforms) = postSolution
		{ABADC8A0-C36B-437E-9F4D-B3CFD6BF71D0}.Debug|Any CPU.ActiveCfg = Debug|Any CPU
		{ABADC8A0-C36B-437E-9F4D-B3CFD6BF71D0}.Debug|Any CPU.Build.0 = Debug|Any CPU
		{ABADC8A0-C36B-437E-9F4D-B3CFD6BF71D0}.Debug|arm64.ActiveCfg = Debug|Any CPU
		{ABADC8A0-C36B-437E-9F4D-B3CFD6BF71D0}.Debug|arm64.Build.0 = Debug|Any CPU
		{ABADC8A0-C36B-437E-9F4D-B3CFD6BF71D0}.Debug|x64.ActiveCfg = Debug|Any CPU
		{ABADC8A0-C36B-437E-9F4D-B3CFD6BF71D0}.Debug|x64.Build.0 = Debug|Any CPU
		{ABADC8A0-C36B-437E-9F4D-B3CFD6BF71D0}.Debug|x86.ActiveCfg = Debug|Any CPU
		{ABADC8A0-C36B-437E-9F4D-B3CFD6BF71D0}.Debug|x86.Build.0 = Debug|Any CPU
		{ABADC8A0-C36B-437E-9F4D-B3CFD6BF71D0}.Release|Any CPU.ActiveCfg = Release|Any CPU
		{ABADC8A0-C36B-437E-9F4D-B3CFD6BF71D0}.Release|Any CPU.Build.0 = Release|Any CPU
		{ABADC8A0-C36B-437E-9F4D-B3CFD6BF71D0}.Release|arm64.ActiveCfg = Release|Any CPU
		{ABADC8A0-C36B-437E-9F4D-B3CFD6BF71D0}.Release|arm64.Build.0 = Release|Any CPU
		{ABADC8A0-C36B-437E-9F4D-B3CFD6BF71D0}.Release|x64.ActiveCfg = Release|Any CPU
		{ABADC8A0-C36B-437E-9F4D-B3CFD6BF71D0}.Release|x64.Build.0 = Release|Any CPU
		{ABADC8A0-C36B-437E-9F4D-B3CFD6BF71D0}.Release|x86.ActiveCfg = Release|Any CPU
		{ABADC8A0-C36B-437E-9F4D-B3CFD6BF71D0}.Release|x86.Build.0 = Release|Any CPU
		{3D86CB84-0B3E-40B6-ABB2-A5206A568290}.Debug|Any CPU.ActiveCfg = Debug|Any CPU
		{3D86CB84-0B3E-40B6-ABB2-A5206A568290}.Debug|Any CPU.Build.0 = Debug|Any CPU
		{3D86CB84-0B3E-40B6-ABB2-A5206A568290}.Debug|arm64.ActiveCfg = Debug|Any CPU
		{3D86CB84-0B3E-40B6-ABB2-A5206A568290}.Debug|arm64.Build.0 = Debug|Any CPU
		{3D86CB84-0B3E-40B6-ABB2-A5206A568290}.Debug|x64.ActiveCfg = Debug|Any CPU
		{3D86CB84-0B3E-40B6-ABB2-A5206A568290}.Debug|x64.Build.0 = Debug|Any CPU
		{3D86CB84-0B3E-40B6-ABB2-A5206A568290}.Debug|x86.ActiveCfg = Debug|Any CPU
		{3D86CB84-0B3E-40B6-ABB2-A5206A568290}.Debug|x86.Build.0 = Debug|Any CPU
		{3D86CB84-0B3E-40B6-ABB2-A5206A568290}.Release|Any CPU.ActiveCfg = Release|Any CPU
		{3D86CB84-0B3E-40B6-ABB2-A5206A568290}.Release|Any CPU.Build.0 = Release|Any CPU
		{3D86CB84-0B3E-40B6-ABB2-A5206A568290}.Release|arm64.ActiveCfg = Release|Any CPU
		{3D86CB84-0B3E-40B6-ABB2-A5206A568290}.Release|arm64.Build.0 = Release|Any CPU
		{3D86CB84-0B3E-40B6-ABB2-A5206A568290}.Release|x64.ActiveCfg = Release|Any CPU
		{3D86CB84-0B3E-40B6-ABB2-A5206A568290}.Release|x64.Build.0 = Release|Any CPU
		{3D86CB84-0B3E-40B6-ABB2-A5206A568290}.Release|x86.ActiveCfg = Release|Any CPU
		{3D86CB84-0B3E-40B6-ABB2-A5206A568290}.Release|x86.Build.0 = Release|Any CPU
		{0DF502DD-E146-4BC1-9E5A-A23E8C10ED1F}.Debug|Any CPU.ActiveCfg = Debug|Any CPU
		{0DF502DD-E146-4BC1-9E5A-A23E8C10ED1F}.Debug|Any CPU.Build.0 = Debug|Any CPU
		{0DF502DD-E146-4BC1-9E5A-A23E8C10ED1F}.Debug|arm64.ActiveCfg = Debug|Any CPU
		{0DF502DD-E146-4BC1-9E5A-A23E8C10ED1F}.Debug|arm64.Build.0 = Debug|Any CPU
		{0DF502DD-E146-4BC1-9E5A-A23E8C10ED1F}.Debug|x64.ActiveCfg = Debug|Any CPU
		{0DF502DD-E146-4BC1-9E5A-A23E8C10ED1F}.Debug|x64.Build.0 = Debug|Any CPU
		{0DF502DD-E146-4BC1-9E5A-A23E8C10ED1F}.Debug|x86.ActiveCfg = Debug|Any CPU
		{0DF502DD-E146-4BC1-9E5A-A23E8C10ED1F}.Debug|x86.Build.0 = Debug|Any CPU
		{0DF502DD-E146-4BC1-9E5A-A23E8C10ED1F}.Release|Any CPU.ActiveCfg = Release|Any CPU
		{0DF502DD-E146-4BC1-9E5A-A23E8C10ED1F}.Release|Any CPU.Build.0 = Release|Any CPU
		{0DF502DD-E146-4BC1-9E5A-A23E8C10ED1F}.Release|arm64.ActiveCfg = Release|Any CPU
		{0DF502DD-E146-4BC1-9E5A-A23E8C10ED1F}.Release|arm64.Build.0 = Release|Any CPU
		{0DF502DD-E146-4BC1-9E5A-A23E8C10ED1F}.Release|x64.ActiveCfg = Release|Any CPU
		{0DF502DD-E146-4BC1-9E5A-A23E8C10ED1F}.Release|x64.Build.0 = Release|Any CPU
		{0DF502DD-E146-4BC1-9E5A-A23E8C10ED1F}.Release|x86.ActiveCfg = Release|Any CPU
		{0DF502DD-E146-4BC1-9E5A-A23E8C10ED1F}.Release|x86.Build.0 = Release|Any CPU
		{5CB62032-A236-4C9E-83FA-95F1751748A4}.Debug|Any CPU.ActiveCfg = Debug|Any CPU
		{5CB62032-A236-4C9E-83FA-95F1751748A4}.Debug|Any CPU.Build.0 = Debug|Any CPU
		{5CB62032-A236-4C9E-83FA-95F1751748A4}.Debug|Any CPU.Deploy.0 = Debug|Any CPU
		{5CB62032-A236-4C9E-83FA-95F1751748A4}.Debug|arm64.ActiveCfg = Debug|Any CPU
		{5CB62032-A236-4C9E-83FA-95F1751748A4}.Debug|arm64.Build.0 = Debug|Any CPU
		{5CB62032-A236-4C9E-83FA-95F1751748A4}.Debug|arm64.Deploy.0 = Debug|Any CPU
		{5CB62032-A236-4C9E-83FA-95F1751748A4}.Debug|x64.ActiveCfg = Debug|Any CPU
		{5CB62032-A236-4C9E-83FA-95F1751748A4}.Debug|x64.Build.0 = Debug|Any CPU
		{5CB62032-A236-4C9E-83FA-95F1751748A4}.Debug|x64.Deploy.0 = Debug|Any CPU
		{5CB62032-A236-4C9E-83FA-95F1751748A4}.Debug|x86.ActiveCfg = Debug|Any CPU
		{5CB62032-A236-4C9E-83FA-95F1751748A4}.Debug|x86.Build.0 = Debug|Any CPU
		{5CB62032-A236-4C9E-83FA-95F1751748A4}.Debug|x86.Deploy.0 = Debug|Any CPU
		{5CB62032-A236-4C9E-83FA-95F1751748A4}.Release|Any CPU.ActiveCfg = Release|Any CPU
		{5CB62032-A236-4C9E-83FA-95F1751748A4}.Release|Any CPU.Build.0 = Release|Any CPU
		{5CB62032-A236-4C9E-83FA-95F1751748A4}.Release|Any CPU.Deploy.0 = Release|Any CPU
		{5CB62032-A236-4C9E-83FA-95F1751748A4}.Release|arm64.ActiveCfg = Release|Any CPU
		{5CB62032-A236-4C9E-83FA-95F1751748A4}.Release|arm64.Build.0 = Release|Any CPU
		{5CB62032-A236-4C9E-83FA-95F1751748A4}.Release|arm64.Deploy.0 = Release|Any CPU
		{5CB62032-A236-4C9E-83FA-95F1751748A4}.Release|x64.ActiveCfg = Release|Any CPU
		{5CB62032-A236-4C9E-83FA-95F1751748A4}.Release|x64.Build.0 = Release|Any CPU
		{5CB62032-A236-4C9E-83FA-95F1751748A4}.Release|x64.Deploy.0 = Release|Any CPU
		{5CB62032-A236-4C9E-83FA-95F1751748A4}.Release|x86.ActiveCfg = Release|Any CPU
		{5CB62032-A236-4C9E-83FA-95F1751748A4}.Release|x86.Build.0 = Release|Any CPU
		{5CB62032-A236-4C9E-83FA-95F1751748A4}.Release|x86.Deploy.0 = Release|Any CPU
		{50D0D819-E9DC-4E8E-B0B9-80C03DC5D388}.Debug|Any CPU.ActiveCfg = Debug|Any CPU
		{50D0D819-E9DC-4E8E-B0B9-80C03DC5D388}.Debug|Any CPU.Build.0 = Debug|Any CPU
		{50D0D819-E9DC-4E8E-B0B9-80C03DC5D388}.Debug|arm64.ActiveCfg = Debug|Any CPU
		{50D0D819-E9DC-4E8E-B0B9-80C03DC5D388}.Debug|arm64.Build.0 = Debug|Any CPU
		{50D0D819-E9DC-4E8E-B0B9-80C03DC5D388}.Debug|x64.ActiveCfg = Debug|Any CPU
		{50D0D819-E9DC-4E8E-B0B9-80C03DC5D388}.Debug|x64.Build.0 = Debug|Any CPU
		{50D0D819-E9DC-4E8E-B0B9-80C03DC5D388}.Debug|x86.ActiveCfg = Debug|Any CPU
		{50D0D819-E9DC-4E8E-B0B9-80C03DC5D388}.Debug|x86.Build.0 = Debug|Any CPU
		{50D0D819-E9DC-4E8E-B0B9-80C03DC5D388}.Release|Any CPU.ActiveCfg = Release|Any CPU
		{50D0D819-E9DC-4E8E-B0B9-80C03DC5D388}.Release|Any CPU.Build.0 = Release|Any CPU
		{50D0D819-E9DC-4E8E-B0B9-80C03DC5D388}.Release|arm64.ActiveCfg = Release|Any CPU
		{50D0D819-E9DC-4E8E-B0B9-80C03DC5D388}.Release|arm64.Build.0 = Release|Any CPU
		{50D0D819-E9DC-4E8E-B0B9-80C03DC5D388}.Release|x64.ActiveCfg = Release|Any CPU
		{50D0D819-E9DC-4E8E-B0B9-80C03DC5D388}.Release|x64.Build.0 = Release|Any CPU
		{50D0D819-E9DC-4E8E-B0B9-80C03DC5D388}.Release|x86.ActiveCfg = Release|Any CPU
		{50D0D819-E9DC-4E8E-B0B9-80C03DC5D388}.Release|x86.Build.0 = Release|Any CPU
		{30E06EF1-B51F-45FB-B6BF-1563750C905B}.Debug|Any CPU.ActiveCfg = Debug|Any CPU
		{30E06EF1-B51F-45FB-B6BF-1563750C905B}.Debug|Any CPU.Build.0 = Debug|Any CPU
		{30E06EF1-B51F-45FB-B6BF-1563750C905B}.Debug|arm64.ActiveCfg = Debug|Any CPU
		{30E06EF1-B51F-45FB-B6BF-1563750C905B}.Debug|arm64.Build.0 = Debug|Any CPU
		{30E06EF1-B51F-45FB-B6BF-1563750C905B}.Debug|x64.ActiveCfg = Debug|Any CPU
		{30E06EF1-B51F-45FB-B6BF-1563750C905B}.Debug|x64.Build.0 = Debug|Any CPU
		{30E06EF1-B51F-45FB-B6BF-1563750C905B}.Debug|x86.ActiveCfg = Debug|Any CPU
		{30E06EF1-B51F-45FB-B6BF-1563750C905B}.Debug|x86.Build.0 = Debug|Any CPU
		{30E06EF1-B51F-45FB-B6BF-1563750C905B}.Release|Any CPU.ActiveCfg = Release|Any CPU
		{30E06EF1-B51F-45FB-B6BF-1563750C905B}.Release|Any CPU.Build.0 = Release|Any CPU
		{30E06EF1-B51F-45FB-B6BF-1563750C905B}.Release|arm64.ActiveCfg = Release|Any CPU
		{30E06EF1-B51F-45FB-B6BF-1563750C905B}.Release|arm64.Build.0 = Release|Any CPU
		{30E06EF1-B51F-45FB-B6BF-1563750C905B}.Release|x64.ActiveCfg = Release|Any CPU
		{30E06EF1-B51F-45FB-B6BF-1563750C905B}.Release|x64.Build.0 = Release|Any CPU
		{30E06EF1-B51F-45FB-B6BF-1563750C905B}.Release|x86.ActiveCfg = Release|Any CPU
		{30E06EF1-B51F-45FB-B6BF-1563750C905B}.Release|x86.Build.0 = Release|Any CPU
		{9AE5BF81-24DC-4218-8F99-82EF1D90CF93}.Debug|Any CPU.ActiveCfg = Debug|x64
		{9AE5BF81-24DC-4218-8F99-82EF1D90CF93}.Debug|Any CPU.Build.0 = Debug|x64
		{9AE5BF81-24DC-4218-8F99-82EF1D90CF93}.Debug|Any CPU.Deploy.0 = Debug|x64
		{9AE5BF81-24DC-4218-8F99-82EF1D90CF93}.Debug|arm64.ActiveCfg = Debug|arm64
		{9AE5BF81-24DC-4218-8F99-82EF1D90CF93}.Debug|arm64.Build.0 = Debug|arm64
		{9AE5BF81-24DC-4218-8F99-82EF1D90CF93}.Debug|arm64.Deploy.0 = Debug|arm64
		{9AE5BF81-24DC-4218-8F99-82EF1D90CF93}.Debug|x64.ActiveCfg = Debug|x64
		{9AE5BF81-24DC-4218-8F99-82EF1D90CF93}.Debug|x64.Build.0 = Debug|x64
		{9AE5BF81-24DC-4218-8F99-82EF1D90CF93}.Debug|x64.Deploy.0 = Debug|x64
		{9AE5BF81-24DC-4218-8F99-82EF1D90CF93}.Debug|x86.ActiveCfg = Debug|x86
		{9AE5BF81-24DC-4218-8F99-82EF1D90CF93}.Debug|x86.Build.0 = Debug|x86
		{9AE5BF81-24DC-4218-8F99-82EF1D90CF93}.Debug|x86.Deploy.0 = Debug|x86
		{9AE5BF81-24DC-4218-8F99-82EF1D90CF93}.Release|Any CPU.ActiveCfg = Release|x64
		{9AE5BF81-24DC-4218-8F99-82EF1D90CF93}.Release|Any CPU.Build.0 = Release|x64
		{9AE5BF81-24DC-4218-8F99-82EF1D90CF93}.Release|Any CPU.Deploy.0 = Release|x64
		{9AE5BF81-24DC-4218-8F99-82EF1D90CF93}.Release|arm64.ActiveCfg = Release|arm64
		{9AE5BF81-24DC-4218-8F99-82EF1D90CF93}.Release|arm64.Build.0 = Release|arm64
		{9AE5BF81-24DC-4218-8F99-82EF1D90CF93}.Release|arm64.Deploy.0 = Release|arm64
		{9AE5BF81-24DC-4218-8F99-82EF1D90CF93}.Release|x64.ActiveCfg = Release|x64
		{9AE5BF81-24DC-4218-8F99-82EF1D90CF93}.Release|x64.Build.0 = Release|x64
		{9AE5BF81-24DC-4218-8F99-82EF1D90CF93}.Release|x64.Deploy.0 = Release|x64
		{9AE5BF81-24DC-4218-8F99-82EF1D90CF93}.Release|x86.ActiveCfg = Release|x86
		{9AE5BF81-24DC-4218-8F99-82EF1D90CF93}.Release|x86.Build.0 = Release|x86
		{9AE5BF81-24DC-4218-8F99-82EF1D90CF93}.Release|x86.Deploy.0 = Release|x86
		{F08B6F8C-6ACC-488F-B2C5-9451DDAAF796}.Debug|Any CPU.ActiveCfg = Debug|Any CPU
		{F08B6F8C-6ACC-488F-B2C5-9451DDAAF796}.Debug|Any CPU.Build.0 = Debug|Any CPU
		{F08B6F8C-6ACC-488F-B2C5-9451DDAAF796}.Debug|arm64.ActiveCfg = Debug|Any CPU
		{F08B6F8C-6ACC-488F-B2C5-9451DDAAF796}.Debug|arm64.Build.0 = Debug|Any CPU
		{F08B6F8C-6ACC-488F-B2C5-9451DDAAF796}.Debug|x64.ActiveCfg = Debug|Any CPU
		{F08B6F8C-6ACC-488F-B2C5-9451DDAAF796}.Debug|x64.Build.0 = Debug|Any CPU
		{F08B6F8C-6ACC-488F-B2C5-9451DDAAF796}.Debug|x86.ActiveCfg = Debug|Any CPU
		{F08B6F8C-6ACC-488F-B2C5-9451DDAAF796}.Debug|x86.Build.0 = Debug|Any CPU
		{F08B6F8C-6ACC-488F-B2C5-9451DDAAF796}.Release|Any CPU.ActiveCfg = Release|Any CPU
		{F08B6F8C-6ACC-488F-B2C5-9451DDAAF796}.Release|Any CPU.Build.0 = Release|Any CPU
		{F08B6F8C-6ACC-488F-B2C5-9451DDAAF796}.Release|arm64.ActiveCfg = Release|Any CPU
		{F08B6F8C-6ACC-488F-B2C5-9451DDAAF796}.Release|arm64.Build.0 = Release|Any CPU
		{F08B6F8C-6ACC-488F-B2C5-9451DDAAF796}.Release|x64.ActiveCfg = Release|Any CPU
		{F08B6F8C-6ACC-488F-B2C5-9451DDAAF796}.Release|x64.Build.0 = Release|Any CPU
		{F08B6F8C-6ACC-488F-B2C5-9451DDAAF796}.Release|x86.ActiveCfg = Release|Any CPU
		{F08B6F8C-6ACC-488F-B2C5-9451DDAAF796}.Release|x86.Build.0 = Release|Any CPU
	EndGlobalSection
	GlobalSection(SolutionProperties) = preSolution
		HideSolutionNode = FALSE
	EndGlobalSection
	GlobalSection(NestedProjects) = preSolution
		{3D86CB84-0B3E-40B6-ABB2-A5206A568290} = {309A3D4C-ACA3-44AE-A3C0-CE82326B2DD2}
		{0DF502DD-E146-4BC1-9E5A-A23E8C10ED1F} = {309A3D4C-ACA3-44AE-A3C0-CE82326B2DD2}
		{5CB62032-A236-4C9E-83FA-95F1751748A4} = {309A3D4C-ACA3-44AE-A3C0-CE82326B2DD2}
		{50D0D819-E9DC-4E8E-B0B9-80C03DC5D388} = {309A3D4C-ACA3-44AE-A3C0-CE82326B2DD2}
		{30E06EF1-B51F-45FB-B6BF-1563750C905B} = {309A3D4C-ACA3-44AE-A3C0-CE82326B2DD2}
		{9AE5BF81-24DC-4218-8F99-82EF1D90CF93} = {309A3D4C-ACA3-44AE-A3C0-CE82326B2DD2}
		{F08B6F8C-6ACC-488F-B2C5-9451DDAAF796} = {309A3D4C-ACA3-44AE-A3C0-CE82326B2DD2}
	EndGlobalSection
	GlobalSection(ExtensibilityGlobals) = postSolution
		SolutionGuid = {B3EF1E4A-B0D2-42AC-B20E-5143DA0D2193}
	EndGlobalSection
EndGlobal
